{
  "name": "@graph-script-lang/interpreter",
  "version": "0.1.0",
  "lockfileVersion": 2,
  "requires": true,
  "packages": {
    "": {
      "name": "@graph-script-lang/interpreter",
      "version": "0.1.0",
      "license": "MIT",
      "dependencies": {
        "@graph-script-lang/core": "file:../core",
        "@graph-script-lang/stdlib": "file:../stdlib"
      }
    },
    "../core": {
      "name": "GraphScriptLang-core",
      "version": "0.1.0",
      "license": "MIT"
    },
    "../stdlib": {
      "name": "GraphScriptLang-stdlib",
      "version": "0.1.0",
      "license": "MIT",
      "dependencies": {
        "GraphScriptLang-core": "file:../core"
      }
    },
    "node_modules/@graph-script-lang/core": {
      "resolved": "../core",
      "link": true
    },
    "node_modules/@graph-script-lang/stdlib": {
      "resolved": "../stdlib",
      "link": true
    }
  },
  "dependencies": {
    "@graph-script-lang/core": {
      "version": "file:../core"
    },
    "@graph-script-lang/stdlib": {
      "version": "file:../stdlib",
      "requires": {
        "GraphScriptLang-core": "file:../core"
      }
    }
  }
}
